// !$*UTF8*$!
{
	archiveVersion = 1;
	classes = {
	};
	objectVersion = 54;
	objects = {

/* Begin PBXBuildFile section */
		181D586D274F9E9C00B6C12D /* UIKit.framework in Frameworks */ = {isa = PBXBuildFile; fileRef = 181D586C274F9E9C00B6C12D /* UIKit.framework */; };
		181D586F274F9E9C00B6C12D /* Foundation.framework in Frameworks */ = {isa = PBXBuildFile; fileRef = 181D586E274F9E9C00B6C12D /* Foundation.framework */; };
		181D587A274F9E9C00B6C12D /* plugin.mm in Sources */ = {isa = PBXBuildFile; fileRef = 181D5879274F9E9C00B6C12D /* plugin.mm */; };
		182DD3362753860E001D7A7B /* fishhook.c in Sources */ = {isa = PBXBuildFile; fileRef = 182DD3342753860E001D7A7B /* fishhook.c */; };
		182DD3372753860E001D7A7B /* fishhook.h in Headers */ = {isa = PBXBuildFile; fileRef = 182DD3352753860E001D7A7B /* fishhook.h */; };
		1847DAA7274FD28300110407 /* XVC.m in Sources */ = {isa = PBXBuildFile; fileRef = 1847DAA5274FD28300110407 /* XVC.m */; };
		1847DAA8274FD28300110407 /* XVC.h in Headers */ = {isa = PBXBuildFile; fileRef = 1847DAA6274FD28300110407 /* XVC.h */; };
		1847DABD2750E58600110407 /* NSString+Base64.m in Sources */ = {isa = PBXBuildFile; fileRef = 1847DAB22750E58500110407 /* NSString+Base64.m */; };
		1847DABE2750E58600110407 /* AESCrypt.m in Sources */ = {isa = PBXBuildFile; fileRef = 1847DAB32750E58500110407 /* AESCrypt.m */; };
		1847DABF2750E58600110407 /* NSData+Base64.h in Headers */ = {isa = PBXBuildFile; fileRef = 1847DAB42750E58500110407 /* NSData+Base64.h */; };
		1847DAC02750E58600110407 /* NSData+CommonCrypto.h in Headers */ = {isa = PBXBuildFile; fileRef = 1847DAB52750E58500110407 /* NSData+CommonCrypto.h */; };
		1847DAC12750E58600110407 /* AESCrypt.h in Headers */ = {isa = PBXBuildFile; fileRef = 1847DAB62750E58500110407 /* AESCrypt.h */; };
		1847DAC22750E58600110407 /* NSString+Base64.h in Headers */ = {isa = PBXBuildFile; fileRef = 1847DAB72750E58500110407 /* NSString+Base64.h */; };
		1847DAC32750E58600110407 /* NSData+CommonCrypto.m in Sources */ = {isa = PBXBuildFile; fileRef = 1847DAB82750E58500110407 /* NSData+CommonCrypto.m */; };
		1847DAC42750E58600110407 /* NSData+Base64.m in Sources */ = {isa = PBXBuildFile; fileRef = 1847DAB92750E58500110407 /* NSData+Base64.m */; };
		1847DAC52750E58600110407 /* RSA.m in Sources */ = {isa = PBXBuildFile; fileRef = 1847DABB2750E58600110407 /* RSA.m */; };
		1847DAC62750E58600110407 /* RSA.h in Headers */ = {isa = PBXBuildFile; fileRef = 1847DABC2750E58600110407 /* RSA.h */; };
		1847DAC82750E7C500110407 /* Security.framework in Frameworks */ = {isa = PBXBuildFile; fileRef = 1847DAC72750E7C500110407 /* Security.framework */; };
		1847DACA2750E7D100110407 /* Accelerate.framework in Frameworks */ = {isa = PBXBuildFile; fileRef = 1847DAC92750E7D100110407 /* Accelerate.framework */; };
		1847DADE2750E9C000110407 /* SCLSwitchView.h in Headers */ = {isa = PBXBuildFile; fileRef = 1847DACD2750E9C000110407 /* SCLSwitchView.h */; };
		1847DADF2750E9C000110407 /* SCLTimerDisplay.m in Sources */ = {isa = PBXBuildFile; fileRef = 1847DACE2750E9C000110407 /* SCLTimerDisplay.m */; };
		1847DAE02750E9C000110407 /* SCLButton.h in Headers */ = {isa = PBXBuildFile; fileRef = 1847DACF2750E9C000110407 /* SCLButton.h */; };
		1847DAE12750E9C000110407 /* SCLAlertViewStyleKit.m in Sources */ = {isa = PBXBuildFile; fileRef = 1847DAD02750E9C000110407 /* SCLAlertViewStyleKit.m */; };
		1847DAE22750E9C000110407 /* SCLMacros.h in Headers */ = {isa = PBXBuildFile; fileRef = 1847DAD12750E9C000110407 /* SCLMacros.h */; };
		1847DAE32750E9C000110407 /* UIImage+ImageEffects.h in Headers */ = {isa = PBXBuildFile; fileRef = 1847DAD22750E9C000110407 /* UIImage+ImageEffects.h */; };
		1847DAE42750E9C000110407 /* SCLAlertView.h in Headers */ = {isa = PBXBuildFile; fileRef = 1847DAD32750E9C000110407 /* SCLAlertView.h */; };
		1847DAE52750E9C000110407 /* SCLAlertViewResponder.m in Sources */ = {isa = PBXBuildFile; fileRef = 1847DAD42750E9C000110407 /* SCLAlertViewResponder.m */; };
		1847DAE62750E9C000110407 /* SCLTextView.m in Sources */ = {isa = PBXBuildFile; fileRef = 1847DAD52750E9C000110407 /* SCLTextView.m */; };
		1847DAE72750E9C000110407 /* SCLSwitchView.m in Sources */ = {isa = PBXBuildFile; fileRef = 1847DAD62750E9C000110407 /* SCLSwitchView.m */; };
		1847DAE82750E9C000110407 /* SCLAlertViewStyleKit.h in Headers */ = {isa = PBXBuildFile; fileRef = 1847DAD72750E9C000110407 /* SCLAlertViewStyleKit.h */; };
		1847DAE92750E9C000110407 /* SCLButton.m in Sources */ = {isa = PBXBuildFile; fileRef = 1847DAD82750E9C000110407 /* SCLButton.m */; };
		1847DAEA2750E9C000110407 /* SCLTimerDisplay.h in Headers */ = {isa = PBXBuildFile; fileRef = 1847DAD92750E9C000110407 /* SCLTimerDisplay.h */; };
		1847DAEB2750E9C000110407 /* UIImage+ImageEffects.m in Sources */ = {isa = PBXBuildFile; fileRef = 1847DADA2750E9C000110407 /* UIImage+ImageEffects.m */; };
		1847DAEC2750E9C000110407 /* SCLTextView.h in Headers */ = {isa = PBXBuildFile; fileRef = 1847DADB2750E9C000110407 /* SCLTextView.h */; };
		1847DAED2750E9C000110407 /* SCLAlertViewResponder.h in Headers */ = {isa = PBXBuildFile; fileRef = 1847DADC2750E9C000110407 /* SCLAlertViewResponder.h */; };
		1847DAEE2750E9C000110407 /* SCLAlertView.m in Sources */ = {isa = PBXBuildFile; fileRef = 1847DADD2750E9C000110407 /* SCLAlertView.m */; };
		1847DB062750EBDB00110407 /* CoreGraphics.framework in Frameworks */ = {isa = PBXBuildFile; fileRef = 1847DB052750EBDB00110407 /* CoreGraphics.framework */; };
		1847DB0A2750EC3D00110407 /* AudioToolbox.framework in Frameworks */ = {isa = PBXBuildFile; fileRef = 1847DB092750EC3D00110407 /* AudioToolbox.framework */; };
		1847DB102750ECA000110407 /* ZJHURLProtocol.mm in Sources */ = {isa = PBXBuildFile; fileRef = 1847DB0C2750EC9F00110407 /* ZJHURLProtocol.mm */; };
		1847DB112750ECA000110407 /* ZJHURLProtocol.h in Headers */ = {isa = PBXBuildFile; fileRef = 1847DB0D2750EC9F00110407 /* ZJHURLProtocol.h */; };
		1847DB122750ECA000110407 /* ZJHSessionConfiguration.m in Sources */ = {isa = PBXBuildFile; fileRef = 1847DB0E2750ECA000110407 /* ZJHSessionConfiguration.m */; };
		1847DB132750ECA000110407 /* ZJHSessionConfiguration.h in Headers */ = {isa = PBXBuildFile; fileRef = 1847DB0F2750ECA000110407 /* ZJHSessionConfiguration.h */; };
		1849E09C2753520F00E797D5 /* plugin-Prefix.pch in Headers */ = {isa = PBXBuildFile; fileRef = 1849E09B2753520F00E797D5 /* plugin-Prefix.pch */; };
		188ECE6C27539288007C024E /* AntiAntiDebug.m in Sources */ = {isa = PBXBuildFile; fileRef = 188ECE6B27539288007C024E /* AntiAntiDebug.m */; };
		18A8459C27521670000F0A16 /* LRKeychain.m in Sources */ = {isa = PBXBuildFile; fileRef = 18A8459B27521670000F0A16 /* LRKeychain.m */; };
		18A8459E2752168E000F0A16 /* LRKeychain.h in Headers */ = {isa = PBXBuildFile; fileRef = 18A8459D2752168E000F0A16 /* LRKeychain.h */; };
		18B4AF5428FBDDC200DFD2E8 /* codeObfuscation.h in Headers */ = {isa = PBXBuildFile; fileRef = 18B4AF5328FBDDC200DFD2E8 /* codeObfuscation.h */; };
		18B4AF5528FBDDC200DFD2E8 /* codeObfuscation.h in Headers */ = {isa = PBXBuildFile; fileRef = 18B4AF5328FBDDC200DFD2E8 /* codeObfuscation.h */; };
		18D80E8627675BEE00B8A285 /* fishhook.h in Headers */ = {isa = PBXBuildFile; fileRef = 182DD3352753860E001D7A7B /* fishhook.h */; };
		18D80E8727675BEE00B8A285 /* LRKeychain.h in Headers */ = {isa = PBXBuildFile; fileRef = 18A8459D2752168E000F0A16 /* LRKeychain.h */; };
		18D80E8827675BEE00B8A285 /* ZJHSessionConfiguration.h in Headers */ = {isa = PBXBuildFile; fileRef = 1847DB0F2750ECA000110407 /* ZJHSessionConfiguration.h */; };
		18D80E8927675BEE00B8A285 /* ZJHURLProtocol.h in Headers */ = {isa = PBXBuildFile; fileRef = 1847DB0D2750EC9F00110407 /* ZJHURLProtocol.h */; };
		18D80E8A27675BEE00B8A285 /* SCLSwitchView.h in Headers */ = {isa = PBXBuildFile; fileRef = 1847DACD2750E9C000110407 /* SCLSwitchView.h */; };
		18D80E8B27675BEE00B8A285 /* SCLButton.h in Headers */ = {isa = PBXBuildFile; fileRef = 1847DACF2750E9C000110407 /* SCLButton.h */; };
		18D80E8C27675BEE00B8A285 /* SCLMacros.h in Headers */ = {isa = PBXBuildFile; fileRef = 1847DAD12750E9C000110407 /* SCLMacros.h */; };
		18D80E8D27675BEE00B8A285 /* UIImage+ImageEffects.h in Headers */ = {isa = PBXBuildFile; fileRef = 1847DAD22750E9C000110407 /* UIImage+ImageEffects.h */; };
		18D80E8E27675BEE00B8A285 /* SCLAlertView.h in Headers */ = {isa = PBXBuildFile; fileRef = 1847DAD32750E9C000110407 /* SCLAlertView.h */; };
		18D80E8F27675BEE00B8A285 /* SCLAlertViewStyleKit.h in Headers */ = {isa = PBXBuildFile; fileRef = 1847DAD72750E9C000110407 /* SCLAlertViewStyleKit.h */; };
		18D80E9127675C0700B8A285 /* SCLTimerDisplay.h in Headers */ = {isa = PBXBuildFile; fileRef = 1847DAD92750E9C000110407 /* SCLTimerDisplay.h */; };
		18D80E9227675C0700B8A285 /* SCLTextView.h in Headers */ = {isa = PBXBuildFile; fileRef = 1847DADB2750E9C000110407 /* SCLTextView.h */; };
		18D80E9327675C0700B8A285 /* SCLAlertViewResponder.h in Headers */ = {isa = PBXBuildFile; fileRef = 1847DADC2750E9C000110407 /* SCLAlertViewResponder.h */; };
		18D80E9427675C0700B8A285 /* NSData+Base64.h in Headers */ = {isa = PBXBuildFile; fileRef = 1847DAB42750E58500110407 /* NSData+Base64.h */; };
		18D80E9527675C0700B8A285 /* NSData+CommonCrypto.h in Headers */ = {isa = PBXBuildFile; fileRef = 1847DAB52750E58500110407 /* NSData+CommonCrypto.h */; };
		18D80E9627675C0700B8A285 /* AESCrypt.h in Headers */ = {isa = PBXBuildFile; fileRef = 1847DAB62750E58500110407 /* AESCrypt.h */; };
		18D80E9727675C0700B8A285 /* NSString+Base64.h in Headers */ = {isa = PBXBuildFile; fileRef = 1847DAB72750E58500110407 /* NSString+Base64.h */; };
		18D80E9827675C0700B8A285 /* RSA.h in Headers */ = {isa = PBXBuildFile; fileRef = 1847DABC2750E58600110407 /* RSA.h */; };
		18D80E9927675C0700B8A285 /* XVC.h in Headers */ = {isa = PBXBuildFile; fileRef = 1847DAA6274FD28300110407 /* XVC.h */; };
		18D80E9A27675C2300B8A285 /* fishhook.c in Sources */ = {isa = PBXBuildFile; fileRef = 182DD3342753860E001D7A7B /* fishhook.c */; };
		18D80E9B27675C2300B8A285 /* LRKeychain.m in Sources */ = {isa = PBXBuildFile; fileRef = 18A8459B27521670000F0A16 /* LRKeychain.m */; };
		18D80E9C27675C2300B8A285 /* ZJHSessionConfiguration.m in Sources */ = {isa = PBXBuildFile; fileRef = 1847DB0E2750ECA000110407 /* ZJHSessionConfiguration.m */; };
		18D80E9D27675C3D00B8A285 /* ZJHURLProtocol.mm in Sources */ = {isa = PBXBuildFile; fileRef = 1847DB0C2750EC9F00110407 /* ZJHURLProtocol.mm */; };
		18D80E9E27675C3D00B8A285 /* SCLTimerDisplay.m in Sources */ = {isa = PBXBuildFile; fileRef = 1847DACE2750E9C000110407 /* SCLTimerDisplay.m */; };
		18D80E9F27675C3D00B8A285 /* SCLAlertViewStyleKit.m in Sources */ = {isa = PBXBuildFile; fileRef = 1847DAD02750E9C000110407 /* SCLAlertViewStyleKit.m */; };
		18D80EA027675C3D00B8A285 /* SCLAlertViewResponder.m in Sources */ = {isa = PBXBuildFile; fileRef = 1847DAD42750E9C000110407 /* SCLAlertViewResponder.m */; };
		18D80EA127675C3D00B8A285 /* SCLTextView.m in Sources */ = {isa = PBXBuildFile; fileRef = 1847DAD52750E9C000110407 /* SCLTextView.m */; };
		18D80EA227675C3D00B8A285 /* SCLSwitchView.m in Sources */ = {isa = PBXBuildFile; fileRef = 1847DAD62750E9C000110407 /* SCLSwitchView.m */; };
		18D80EA327675C3D00B8A285 /* SCLButton.m in Sources */ = {isa = PBXBuildFile; fileRef = 1847DAD82750E9C000110407 /* SCLButton.m */; };
		18D80EA427675C3D00B8A285 /* UIImage+ImageEffects.m in Sources */ = {isa = PBXBuildFile; fileRef = 1847DADA2750E9C000110407 /* UIImage+ImageEffects.m */; };
		18D80EA527675C3D00B8A285 /* SCLAlertView.m in Sources */ = {isa = PBXBuildFile; fileRef = 1847DADD2750E9C000110407 /* SCLAlertView.m */; };
		18D80EA627675C3D00B8A285 /* NSString+Base64.m in Sources */ = {isa = PBXBuildFile; fileRef = 1847DAB22750E58500110407 /* NSString+Base64.m */; };
		18D80EA727675C3D00B8A285 /* AESCrypt.m in Sources */ = {isa = PBXBuildFile; fileRef = 1847DAB32750E58500110407 /* AESCrypt.m */; };
		18D80EA827675C3D00B8A285 /* NSData+CommonCrypto.m in Sources */ = {isa = PBXBuildFile; fileRef = 1847DAB82750E58500110407 /* NSData+CommonCrypto.m */; };
		18D80EA927675C3D00B8A285 /* NSData+Base64.m in Sources */ = {isa = PBXBuildFile; fileRef = 1847DAB92750E58500110407 /* NSData+Base64.m */; };
		18D80EAA27675C3D00B8A285 /* RSA.m in Sources */ = {isa = PBXBuildFile; fileRef = 1847DABB2750E58600110407 /* RSA.m */; };
		18D80EAB27675C3D00B8A285 /* XVC.m in Sources */ = {isa = PBXBuildFile; fileRef = 1847DAA5274FD28300110407 /* XVC.m */; };
		18D80EAC27675C3D00B8A285 /* AntiAntiDebug.m in Sources */ = {isa = PBXBuildFile; fileRef = 188ECE6B27539288007C024E /* AntiAntiDebug.m */; };
		18D80EAD27675C3D00B8A285 /* plugin.mm in Sources */ = {isa = PBXBuildFile; fileRef = 181D5879274F9E9C00B6C12D /* plugin.mm */; };
		18D80EB1276761CE00B8A285 /* CydiaSubstrate.framework in Frameworks */ = {isa = PBXBuildFile; fileRef = 18D80EB0276761CD00B8A285 /* CydiaSubstrate.framework */; };
		18D80EB42767646900B8A285 /* CydiaSubstrate.framework in Frameworks */ = {isa = PBXBuildFile; fileRef = 18D80EB0276761CD00B8A285 /* CydiaSubstrate.framework */; };
		18E25DBD27677CA30055AFA6 /* Property List.plist in Resources */ = {isa = PBXBuildFile; fileRef = 18E25DBC27677CA30055AFA6 /* Property List.plist */; };
/* End PBXBuildFile section */

/* Begin PBXCopyFilesBuildPhase section */
		1849E0AC275361A200E797D5 /* Embed Libraries */ = {
			isa = PBXCopyFilesBuildPhase;
			buildActionMask = 2147483647;
			dstPath = "";
			dstSubfolderSpec = 10;
			files = (
			);
			name = "Embed Libraries";
			runOnlyForDeploymentPostprocessing = 0;
		};
/* End PBXCopyFilesBuildPhase section */

/* Begin PBXFileReference section */
		181D5869274F9E9C00B6C12D /* plugin.dylib */ = {isa = PBXFileReference; explicitFileType = "compiled.mach-o.dylib"; includeInIndex = 0; path = plugin.dylib; sourceTree = BUILT_PRODUCTS_DIR; };
		181D586C274F9E9C00B6C12D /* UIKit.framework */ = {isa = PBXFileReference; lastKnownFileType = wrapper.framework; name = UIKit.framework; path = System/Library/Frameworks/UIKit.framework; sourceTree = SDKROOT; };
		181D586E274F9E9C00B6C12D /* Foundation.framework */ = {isa = PBXFileReference; lastKnownFileType = wrapper.framework; name = Foundation.framework; path = System/Library/Frameworks/Foundation.framework; sourceTree = SDKROOT; };
		181D5878274F9E9C00B6C12D /* plugin.xm */ = {isa = PBXFileReference; explicitFileType = sourcecode.cpp.objcpp.preprocessed; fileEncoding = 4; lineEnding = 0; path = plugin.xm; sourceTree = "<group>"; };
		181D5879274F9E9C00B6C12D /* plugin.mm */ = {isa = PBXFileReference; lastKnownFileType = sourcecode.cpp.objcpp; path = plugin.mm; sourceTree = "<group>"; };
		182DD3342753860E001D7A7B /* fishhook.c */ = {isa = PBXFileReference; fileEncoding = 4; lastKnownFileType = sourcecode.c.c; path = fishhook.c; sourceTree = "<group>"; };
		182DD3352753860E001D7A7B /* fishhook.h */ = {isa = PBXFileReference; fileEncoding = 4; lastKnownFileType = sourcecode.c.h; path = fishhook.h; sourceTree = "<group>"; };
		1847DAA5274FD28300110407 /* XVC.m */ = {isa = PBXFileReference; fileEncoding = 4; lastKnownFileType = sourcecode.c.objc; path = XVC.m; sourceTree = "<group>"; };
		1847DAA6274FD28300110407 /* XVC.h */ = {isa = PBXFileReference; fileEncoding = 4; lastKnownFileType = sourcecode.c.h; path = XVC.h; sourceTree = "<group>"; };
		1847DAB22750E58500110407 /* NSString+Base64.m */ = {isa = PBXFileReference; fileEncoding = 4; lastKnownFileType = sourcecode.c.objc; path = "NSString+Base64.m"; sourceTree = "<group>"; };
		1847DAB32750E58500110407 /* AESCrypt.m */ = {isa = PBXFileReference; fileEncoding = 4; lastKnownFileType = sourcecode.c.objc; path = AESCrypt.m; sourceTree = "<group>"; };
		1847DAB42750E58500110407 /* NSData+Base64.h */ = {isa = PBXFileReference; fileEncoding = 4; lastKnownFileType = sourcecode.c.h; path = "NSData+Base64.h"; sourceTree = "<group>"; };
		1847DAB52750E58500110407 /* NSData+CommonCrypto.h */ = {isa = PBXFileReference; fileEncoding = 4; lastKnownFileType = sourcecode.c.h; path = "NSData+CommonCrypto.h"; sourceTree = "<group>"; };
		1847DAB62750E58500110407 /* AESCrypt.h */ = {isa = PBXFileReference; fileEncoding = 4; lastKnownFileType = sourcecode.c.h; path = AESCrypt.h; sourceTree = "<group>"; };
		1847DAB72750E58500110407 /* NSString+Base64.h */ = {isa = PBXFileReference; fileEncoding = 4; lastKnownFileType = sourcecode.c.h; path = "NSString+Base64.h"; sourceTree = "<group>"; };
		1847DAB82750E58500110407 /* NSData+CommonCrypto.m */ = {isa = PBXFileReference; fileEncoding = 4; lastKnownFileType = sourcecode.c.objc; path = "NSData+CommonCrypto.m"; sourceTree = "<group>"; };
		1847DAB92750E58500110407 /* NSData+Base64.m */ = {isa = PBXFileReference; fileEncoding = 4; lastKnownFileType = sourcecode.c.objc; path = "NSData+Base64.m"; sourceTree = "<group>"; };
		1847DABB2750E58600110407 /* RSA.m */ = {isa = PBXFileReference; fileEncoding = 4; lastKnownFileType = sourcecode.c.objc; path = RSA.m; sourceTree = "<group>"; };
		1847DABC2750E58600110407 /* RSA.h */ = {isa = PBXFileReference; fileEncoding = 4; lastKnownFileType = sourcecode.c.h; path = RSA.h; sourceTree = "<group>"; };
		1847DAC72750E7C500110407 /* Security.framework */ = {isa = PBXFileReference; lastKnownFileType = wrapper.framework; name = Security.framework; path = System/Library/Frameworks/Security.framework; sourceTree = SDKROOT; };
		1847DAC92750E7D100110407 /* Accelerate.framework */ = {isa = PBXFileReference; lastKnownFileType = wrapper.framework; name = Accelerate.framework; path = System/Library/Frameworks/Accelerate.framework; sourceTree = SDKROOT; };
		1847DACD2750E9C000110407 /* SCLSwitchView.h */ = {isa = PBXFileReference; fileEncoding = 4; lastKnownFileType = sourcecode.c.h; path = SCLSwitchView.h; sourceTree = "<group>"; };
		1847DACE2750E9C000110407 /* SCLTimerDisplay.m */ = {isa = PBXFileReference; fileEncoding = 4; lastKnownFileType = sourcecode.c.objc; path = SCLTimerDisplay.m; sourceTree = "<group>"; };
		1847DACF2750E9C000110407 /* SCLButton.h */ = {isa = PBXFileReference; fileEncoding = 4; lastKnownFileType = sourcecode.c.h; path = SCLButton.h; sourceTree = "<group>"; };
		1847DAD02750E9C000110407 /* SCLAlertViewStyleKit.m */ = {isa = PBXFileReference; fileEncoding = 4; lastKnownFileType = sourcecode.c.objc; path = SCLAlertViewStyleKit.m; sourceTree = "<group>"; };
		1847DAD12750E9C000110407 /* SCLMacros.h */ = {isa = PBXFileReference; fileEncoding = 4; lastKnownFileType = sourcecode.c.h; path = SCLMacros.h; sourceTree = "<group>"; };
		1847DAD22750E9C000110407 /* UIImage+ImageEffects.h */ = {isa = PBXFileReference; fileEncoding = 4; lastKnownFileType = sourcecode.c.h; path = "UIImage+ImageEffects.h"; sourceTree = "<group>"; };
		1847DAD32750E9C000110407 /* SCLAlertView.h */ = {isa = PBXFileReference; fileEncoding = 4; lastKnownFileType = sourcecode.c.h; path = SCLAlertView.h; sourceTree = "<group>"; };
		1847DAD42750E9C000110407 /* SCLAlertViewResponder.m */ = {isa = PBXFileReference; fileEncoding = 4; lastKnownFileType = sourcecode.c.objc; path = SCLAlertViewResponder.m; sourceTree = "<group>"; };
		1847DAD52750E9C000110407 /* SCLTextView.m */ = {isa = PBXFileReference; fileEncoding = 4; lastKnownFileType = sourcecode.c.objc; path = SCLTextView.m; sourceTree = "<group>"; };
		1847DAD62750E9C000110407 /* SCLSwitchView.m */ = {isa = PBXFileReference; fileEncoding = 4; lastKnownFileType = sourcecode.c.objc; path = SCLSwitchView.m; sourceTree = "<group>"; };
		1847DAD72750E9C000110407 /* SCLAlertViewStyleKit.h */ = {isa = PBXFileReference; fileEncoding = 4; lastKnownFileType = sourcecode.c.h; path = SCLAlertViewStyleKit.h; sourceTree = "<group>"; };
		1847DAD82750E9C000110407 /* SCLButton.m */ = {isa = PBXFileReference; fileEncoding = 4; lastKnownFileType = sourcecode.c.objc; path = SCLButton.m; sourceTree = "<group>"; };
		1847DAD92750E9C000110407 /* SCLTimerDisplay.h */ = {isa = PBXFileReference; fileEncoding = 4; lastKnownFileType = sourcecode.c.h; path = SCLTimerDisplay.h; sourceTree = "<group>"; };
		1847DADA2750E9C000110407 /* UIImage+ImageEffects.m */ = {isa = PBXFileReference; explicitFileType = sourcecode.c.objc; fileEncoding = 4; path = "UIImage+ImageEffects.m"; sourceTree = "<group>"; };
		1847DADB2750E9C000110407 /* SCLTextView.h */ = {isa = PBXFileReference; fileEncoding = 4; lastKnownFileType = sourcecode.c.h; path = SCLTextView.h; sourceTree = "<group>"; };
		1847DADC2750E9C000110407 /* SCLAlertViewResponder.h */ = {isa = PBXFileReference; fileEncoding = 4; lastKnownFileType = sourcecode.c.h; path = SCLAlertViewResponder.h; sourceTree = "<group>"; };
		1847DADD2750E9C000110407 /* SCLAlertView.m */ = {isa = PBXFileReference; fileEncoding = 4; lastKnownFileType = sourcecode.c.objc; path = SCLAlertView.m; sourceTree = "<group>"; };
		1847DB052750EBDB00110407 /* CoreGraphics.framework */ = {isa = PBXFileReference; lastKnownFileType = wrapper.framework; name = CoreGraphics.framework; path = System/Library/Frameworks/CoreGraphics.framework; sourceTree = SDKROOT; };
		1847DB072750EC0C00110407 /* CoreAudio.framework */ = {isa = PBXFileReference; lastKnownFileType = wrapper.framework; name = CoreAudio.framework; path = System/Library/Frameworks/CoreAudio.framework; sourceTree = SDKROOT; };
		1847DB092750EC3D00110407 /* AudioToolbox.framework */ = {isa = PBXFileReference; lastKnownFileType = wrapper.framework; name = AudioToolbox.framework; path = System/Library/Frameworks/AudioToolbox.framework; sourceTree = SDKROOT; };
		1847DB0C2750EC9F00110407 /* ZJHURLProtocol.mm */ = {isa = PBXFileReference; explicitFileType = sourcecode.c.objc; fileEncoding = 4; path = ZJHURLProtocol.mm; sourceTree = "<group>"; };
		1847DB0D2750EC9F00110407 /* ZJHURLProtocol.h */ = {isa = PBXFileReference; fileEncoding = 4; lastKnownFileType = sourcecode.c.h; path = ZJHURLProtocol.h; sourceTree = "<group>"; };
		1847DB0E2750ECA000110407 /* ZJHSessionConfiguration.m */ = {isa = PBXFileReference; fileEncoding = 4; lastKnownFileType = sourcecode.c.objc; path = ZJHSessionConfiguration.m; sourceTree = "<group>"; };
		1847DB0F2750ECA000110407 /* ZJHSessionConfiguration.h */ = {isa = PBXFileReference; fileEncoding = 4; lastKnownFileType = sourcecode.c.h; path = ZJHSessionConfiguration.h; sourceTree = "<group>"; };
		1849E09B2753520F00E797D5 /* plugin-Prefix.pch */ = {isa = PBXFileReference; fileEncoding = 4; lastKnownFileType = sourcecode.c.h; name = "plugin-Prefix.pch"; path = "plugin/plugin-Prefix.pch"; sourceTree = SOURCE_ROOT; };
		188ECE6B27539288007C024E /* AntiAntiDebug.m */ = {isa = PBXFileReference; fileEncoding = 4; lastKnownFileType = sourcecode.c.objc; path = AntiAntiDebug.m; sourceTree = "<group>"; };
		18A8459B27521670000F0A16 /* LRKeychain.m */ = {isa = PBXFileReference; fileEncoding = 4; lastKnownFileType = sourcecode.c.objc; path = LRKeychain.m; sourceTree = "<group>"; };
		18A8459D2752168E000F0A16 /* LRKeychain.h */ = {isa = PBXFileReference; fileEncoding = 4; lastKnownFileType = sourcecode.c.h; path = LRKeychain.h; sourceTree = "<group>"; };
		18B4AF5328FBDDC200DFD2E8 /* codeObfuscation.h */ = {isa = PBXFileReference; fileEncoding = 4; lastKnownFileType = sourcecode.c.h; name = codeObfuscation.h; path = plugin/codeObfuscation.h; sourceTree = SOURCE_ROOT; };
		18B72DE12768CDF900DD8B54 /* SystemConfiguration.framework */ = {isa = PBXFileReference; lastKnownFileType = wrapper.framework; name = SystemConfiguration.framework; path = System/Library/Frameworks/SystemConfiguration.framework; sourceTree = SDKROOT; };
		18D80E7F27675BAA00B8A285 /* Plugin_F.framework */ = {isa = PBXFileReference; explicitFileType = wrapper.framework; includeInIndex = 0; path = Plugin_F.framework; sourceTree = BUILT_PRODUCTS_DIR; };
		18D80EB0276761CD00B8A285 /* CydiaSubstrate.framework */ = {isa = PBXFileReference; lastKnownFileType = wrapper.framework; path = CydiaSubstrate.framework; sourceTree = "<group>"; };
		18E25DBC27677CA30055AFA6 /* Property List.plist */ = {isa = PBXFileReference; lastKnownFileType = text.plist.xml; path = "Property List.plist"; sourceTree = "<group>"; };
		18E25DF1276780F90055AFA6 /* Plugin_F.entitlements */ = {isa = PBXFileReference; fileEncoding = 4; lastKnownFileType = text.plist.entitlements; path = Plugin_F.entitlements; sourceTree = "<group>"; };
/* End PBXFileReference section */

/* Begin PBXFrameworksBuildPhase section */
		181D5865274F9E9C00B6C12D /* Frameworks */ = {
			isa = PBXFrameworksBuildPhase;
			buildActionMask = 2147483647;
			files = (
				181D586D274F9E9C00B6C12D /* UIKit.framework in Frameworks */,
				181D586F274F9E9C00B6C12D /* Foundation.framework in Frameworks */,
				18D80EB1276761CE00B8A285 /* CydiaSubstrate.framework in Frameworks */,
				1847DACA2750E7D100110407 /* Accelerate.framework in Frameworks */,
				1847DB062750EBDB00110407 /* CoreGraphics.framework in Frameworks */,
				1847DB0A2750EC3D00110407 /* AudioToolbox.framework in Frameworks */,
				1847DAC82750E7C500110407 /* Security.framework in Frameworks */,
			);
			runOnlyForDeploymentPostprocessing = 0;
		};
		18D80E7C27675BAA00B8A285 /* Frameworks */ = {
			isa = PBXFrameworksBuildPhase;
			buildActionMask = 2147483647;
			files = (
				18D80EB42767646900B8A285 /* CydiaSubstrate.framework in Frameworks */,
			);
			runOnlyForDeploymentPostprocessing = 0;
		};
/* End PBXFrameworksBuildPhase section */

/* Begin PBXGroup section */
		181D585E274F9E9C00B6C12D = {
			isa = PBXGroup;
			children = (
				181D5872274F9E9C00B6C12D /* plugin */,
				18D80E8027675BAA00B8A285 /* Plugin_F */,
				181D586B274F9E9C00B6C12D /* Frameworks */,
				181D586A274F9E9C00B6C12D /* Products */,
			);
			sourceTree = "<group>";
			usesTabs = 0;
		};
		181D586A274F9E9C00B6C12D /* Products */ = {
			isa = PBXGroup;
			children = (
				181D5869274F9E9C00B6C12D /* plugin.dylib */,
				18D80E7F27675BAA00B8A285 /* Plugin_F.framework */,
			);
			name = Products;
			sourceTree = "<group>";
		};
		181D586B274F9E9C00B6C12D /* Frameworks */ = {
			isa = PBXGroup;
			children = (
				18B72DE12768CDF900DD8B54 /* SystemConfiguration.framework */,
				18D80EB0276761CD00B8A285 /* CydiaSubstrate.framework */,
				1847DB092750EC3D00110407 /* AudioToolbox.framework */,
				1847DB072750EC0C00110407 /* CoreAudio.framework */,
				1847DB052750EBDB00110407 /* CoreGraphics.framework */,
				1847DAC92750E7D100110407 /* Accelerate.framework */,
				1847DAC72750E7C500110407 /* Security.framework */,
				181D586C274F9E9C00B6C12D /* UIKit.framework */,
				181D586E274F9E9C00B6C12D /* Foundation.framework */,
			);
			name = Frameworks;
			sourceTree = "<group>";
		};
		181D5872274F9E9C00B6C12D /* plugin */ = {
			isa = PBXGroup;
			children = (
				182DD3332753860E001D7A7B /* fishhook */,
				1849E09B2753520F00E797D5 /* plugin-Prefix.pch */,
				1847DB0B2750EC8700110407 /* Verify */,
				1847DACB2750E7EF00110407 /* ENCTool */,
				1847DAA6274FD28300110407 /* XVC.h */,
				1847DAA5274FD28300110407 /* XVC.m */,
				181D5878274F9E9C00B6C12D /* plugin.xm */,
				188ECE6B27539288007C024E /* AntiAntiDebug.m */,
				181D5879274F9E9C00B6C12D /* plugin.mm */,
			);
			path = plugin;
			sourceTree = "<group>";
		};
		182DD3332753860E001D7A7B /* fishhook */ = {
			isa = PBXGroup;
			children = (
				18B4AF5328FBDDC200DFD2E8 /* codeObfuscation.h */,
				182DD3342753860E001D7A7B /* fishhook.c */,
				182DD3352753860E001D7A7B /* fishhook.h */,
			);
			path = fishhook;
			sourceTree = "<group>";
		};
		1847DACB2750E7EF00110407 /* ENCTool */ = {
			isa = PBXGroup;
			children = (
				1847DACC2750E9C000110407 /* SCLAlertView */,
				1847DAB22750E58500110407 /* NSString+Base64.m */,
				1847DAB32750E58500110407 /* AESCrypt.m */,
				1847DAB42750E58500110407 /* NSData+Base64.h */,
				1847DAB52750E58500110407 /* NSData+CommonCrypto.h */,
				1847DAB62750E58500110407 /* AESCrypt.h */,
				1847DAB72750E58500110407 /* NSString+Base64.h */,
				1847DAB82750E58500110407 /* NSData+CommonCrypto.m */,
				1847DAB92750E58500110407 /* NSData+Base64.m */,
				1847DABB2750E58600110407 /* RSA.m */,
				1847DABC2750E58600110407 /* RSA.h */,
			);
			path = ENCTool;
			sourceTree = "<group>";
		};
		1847DACC2750E9C000110407 /* SCLAlertView */ = {
			isa = PBXGroup;
			children = (
				1847DACD2750E9C000110407 /* SCLSwitchView.h */,
				1847DACE2750E9C000110407 /* SCLTimerDisplay.m */,
				1847DACF2750E9C000110407 /* SCLButton.h */,
				1847DAD02750E9C000110407 /* SCLAlertViewStyleKit.m */,
				1847DAD12750E9C000110407 /* SCLMacros.h */,
				1847DAD22750E9C000110407 /* UIImage+ImageEffects.h */,
				1847DAD32750E9C000110407 /* SCLAlertView.h */,
				1847DAD42750E9C000110407 /* SCLAlertViewResponder.m */,
				1847DAD52750E9C000110407 /* SCLTextView.m */,
				1847DAD62750E9C000110407 /* SCLSwitchView.m */,
				1847DAD72750E9C000110407 /* SCLAlertViewStyleKit.h */,
				1847DAD82750E9C000110407 /* SCLButton.m */,
				1847DAD92750E9C000110407 /* SCLTimerDisplay.h */,
				1847DADA2750E9C000110407 /* UIImage+ImageEffects.m */,
				1847DADB2750E9C000110407 /* SCLTextView.h */,
				1847DADC2750E9C000110407 /* SCLAlertViewResponder.h */,
				1847DADD2750E9C000110407 /* SCLAlertView.m */,
			);
			path = SCLAlertView;
			sourceTree = "<group>";
		};
		1847DB0B2750EC8700110407 /* Verify */ = {
			isa = PBXGroup;
			children = (
				18A8459D2752168E000F0A16 /* LRKeychain.h */,
				18A8459B27521670000F0A16 /* LRKeychain.m */,
				1847DB0F2750ECA000110407 /* ZJHSessionConfiguration.h */,
				1847DB0E2750ECA000110407 /* ZJHSessionConfiguration.m */,
				1847DB0D2750EC9F00110407 /* ZJHURLProtocol.h */,
				1847DB0C2750EC9F00110407 /* ZJHURLProtocol.mm */,
			);
			path = Verify;
			sourceTree = "<group>";
		};
		18D80E8027675BAA00B8A285 /* Plugin_F */ = {
			isa = PBXGroup;
			children = (
				18E25DF1276780F90055AFA6 /* Plugin_F.entitlements */,
				18E25DBC27677CA30055AFA6 /* Property List.plist */,
			);
			path = Plugin_F;
			sourceTree = "<group>";
		};
/* End PBXGroup section */

/* Begin PBXHeadersBuildPhase section */
		181D5866274F9E9C00B6C12D /* Headers */ = {
			isa = PBXHeadersBuildPhase;
			buildActionMask = 2147483647;
			files = (
				1847DABF2750E58600110407 /* NSData+Base64.h in Headers */,
				1847DB132750ECA000110407 /* ZJHSessionConfiguration.h in Headers */,
				182DD3372753860E001D7A7B /* fishhook.h in Headers */,
				1847DAE32750E9C000110407 /* UIImage+ImageEffects.h in Headers */,
				1847DAED2750E9C000110407 /* SCLAlertViewResponder.h in Headers */,
				1847DAA8274FD28300110407 /* XVC.h in Headers */,
				1847DAE42750E9C000110407 /* SCLAlertView.h in Headers */,
				18A8459E2752168E000F0A16 /* LRKeychain.h in Headers */,
				1847DADE2750E9C000110407 /* SCLSwitchView.h in Headers */,
				1847DAC02750E58600110407 /* NSData+CommonCrypto.h in Headers */,
				1847DB112750ECA000110407 /* ZJHURLProtocol.h in Headers */,
				1849E09C2753520F00E797D5 /* plugin-Prefix.pch in Headers */,
				18B4AF5428FBDDC200DFD2E8 /* codeObfuscation.h in Headers */,
				1847DAEA2750E9C000110407 /* SCLTimerDisplay.h in Headers */,
				1847DAC62750E58600110407 /* RSA.h in Headers */,
				1847DAC12750E58600110407 /* AESCrypt.h in Headers */,
				1847DAC22750E58600110407 /* NSString+Base64.h in Headers */,
				1847DAE22750E9C000110407 /* SCLMacros.h in Headers */,
				1847DAEC2750E9C000110407 /* SCLTextView.h in Headers */,
				1847DAE82750E9C000110407 /* SCLAlertViewStyleKit.h in Headers */,
				1847DAE02750E9C000110407 /* SCLButton.h in Headers */,
			);
			runOnlyForDeploymentPostprocessing = 0;
		};
		18D80E7A27675BAA00B8A285 /* Headers */ = {
			isa = PBXHeadersBuildPhase;
			buildActionMask = 2147483647;
			files = (
				18D80E9127675C0700B8A285 /* SCLTimerDisplay.h in Headers */,
				18D80E9227675C0700B8A285 /* SCLTextView.h in Headers */,
				18D80E9327675C0700B8A285 /* SCLAlertViewResponder.h in Headers */,
				18D80E9427675C0700B8A285 /* NSData+Base64.h in Headers */,
				18D80E9527675C0700B8A285 /* NSData+CommonCrypto.h in Headers */,
				18D80E9627675C0700B8A285 /* AESCrypt.h in Headers */,
				18D80E9727675C0700B8A285 /* NSString+Base64.h in Headers */,
				18D80E9827675C0700B8A285 /* RSA.h in Headers */,
				18D80E9927675C0700B8A285 /* XVC.h in Headers */,
				18D80E8627675BEE00B8A285 /* fishhook.h in Headers */,
				18D80E8727675BEE00B8A285 /* LRKeychain.h in Headers */,
				18D80E8827675BEE00B8A285 /* ZJHSessionConfiguration.h in Headers */,
				18D80E8927675BEE00B8A285 /* ZJHURLProtocol.h in Headers */,
				18D80E8A27675BEE00B8A285 /* SCLSwitchView.h in Headers */,
				18D80E8B27675BEE00B8A285 /* SCLButton.h in Headers */,
				18B4AF5528FBDDC200DFD2E8 /* codeObfuscation.h in Headers */,
				18D80E8C27675BEE00B8A285 /* SCLMacros.h in Headers */,
				18D80E8D27675BEE00B8A285 /* UIImage+ImageEffects.h in Headers */,
				18D80E8E27675BEE00B8A285 /* SCLAlertView.h in Headers */,
				18D80E8F27675BEE00B8A285 /* SCLAlertViewStyleKit.h in Headers */,
			);
			runOnlyForDeploymentPostprocessing = 0;
		};
/* End PBXHeadersBuildPhase section */

/* Begin PBXNativeTarget section */
		181D5868274F9E9C00B6C12D /* plugin */ = {
			isa = PBXNativeTarget;
			buildConfigurationList = 181D5881274F9E9C00B6C12D /* Build configuration list for PBXNativeTarget "plugin" */;
			buildPhases = (
				181D5863274F9E9C00B6C12D /* ShellScript */,
				181D5864274F9E9C00B6C12D /* Sources */,
				181D5865274F9E9C00B6C12D /* Frameworks */,
				181D5866274F9E9C00B6C12D /* Headers */,
				181D5867274F9E9C00B6C12D /* ShellScript */,
				1849E0AC275361A200E797D5 /* Embed Libraries */,
			);
			buildRules = (
			);
			dependencies = (
			);
			name = plugin;
			productName = plugin;
			productReference = 181D5869274F9E9C00B6C12D /* plugin.dylib */;
			productType = "com.apple.product-type.library.dynamic";
		};
		18D80E7E27675BAA00B8A285 /* Plugin_F */ = {
			isa = PBXNativeTarget;
			buildConfigurationList = 18D80E8327675BAA00B8A285 /* Build configuration list for PBXNativeTarget "Plugin_F" */;
			buildPhases = (
				18D80EAF2767602D00B8A285 /* Run Script */,
				18D80E7A27675BAA00B8A285 /* Headers */,
				18D80E7B27675BAA00B8A285 /* Sources */,
				18D80E7C27675BAA00B8A285 /* Frameworks */,
				18D80E7D27675BAA00B8A285 /* Resources */,
				18D80EAE27675C5100B8A285 /* ShellScript */,
			);
			buildRules = (
			);
			dependencies = (
			);
			name = Plugin_F;
			productName = Plugin_F;
			productReference = 18D80E7F27675BAA00B8A285 /* Plugin_F.framework */;
			productType = "com.apple.product-type.framework";
		};
/* End PBXNativeTarget section */

/* Begin PBXProject section */
		181D585F274F9E9C00B6C12D /* Project object */ = {
			isa = PBXProject;
			attributes = {
				BuildIndependentTargetsInParallel = YES;
				LastUpgradeCheck = 1520;
				TargetAttributes = {
					181D5868274F9E9C00B6C12D = {
						CreatedOnToolsVersion = 12.5;
					};
					18D80E7E27675BAA00B8A285 = {
						CreatedOnToolsVersion = 13.1;
					};
				};
			};
			buildConfigurationList = 181D5862274F9E9C00B6C12D /* Build configuration list for PBXProject "YLBLOCK" */;
			compatibilityVersion = "Xcode 9.3";
			developmentRegion = en;
			hasScannedForEncodings = 0;
			knownRegions = (
				en,
				Base,
			);
			mainGroup = 181D585E274F9E9C00B6C12D;
			productRefGroup = 181D586A274F9E9C00B6C12D /* Products */;
			projectDirPath = "";
			projectRoot = "";
			targets = (
				181D5868274F9E9C00B6C12D /* plugin */,
				18D80E7E27675BAA00B8A285 /* Plugin_F */,
			);
		};
/* End PBXProject section */

/* Begin PBXResourcesBuildPhase section */
		18D80E7D27675BAA00B8A285 /* Resources */ = {
			isa = PBXResourcesBuildPhase;
			buildActionMask = 2147483647;
			files = (
				18E25DBD27677CA30055AFA6 /* Property List.plist in Resources */,
			);
			runOnlyForDeploymentPostprocessing = 0;
		};
/* End PBXResourcesBuildPhase section */

/* Begin PBXShellScriptBuildPhase section */
		181D5863274F9E9C00B6C12D /* ShellScript */ = {
			isa = PBXShellScriptBuildPhase;
			buildActionMask = 2147483647;
			files = (
			);
			inputFileListPaths = (
			);
			inputPaths = (
			);
			outputFileListPaths = (
			);
			outputPaths = (
			);
			runOnlyForDeploymentPostprocessing = 0;
			shellPath = /bin/sh;
			shellScript = "/opt/MonkeyDev/bin/md --xcbp-logos\n";
		};
		181D5867274F9E9C00B6C12D /* ShellScript */ = {
			isa = PBXShellScriptBuildPhase;
			buildActionMask = 2147483647;
			files = (
			);
			inputFileListPaths = (
			);
			inputPaths = (
			);
			outputFileListPaths = (
			);
			outputPaths = (
			);
			runOnlyForDeploymentPostprocessing = 0;
			shellPath = /bin/sh;
			shellScript = "/opt/MonkeyDev/bin/md --xcbp\ninstall_name_tool -change /Library/Frameworks/CydiaSubstrate.framework/CydiaSubstrate @executable_path/Frameworks/CydiaSubstrate.framework/CydiaSubstrate ${BUILT_PRODUCTS_DIR}/plugin.dylib\nmv ${BUILT_PRODUCTS_DIR}/plugin.dylib ${BUILT_PRODUCTS_DIR}/Plugin_F\n";
		};
		18D80EAE27675C5100B8A285 /* ShellScript */ = {
			isa = PBXShellScriptBuildPhase;
			buildActionMask = 2147483647;
			files = (
			);
			inputFileListPaths = (
			);
			inputPaths = (
			);
			outputFileListPaths = (
			);
			outputPaths = (
			);
			runOnlyForDeploymentPostprocessing = 0;
			shellPath = /bin/sh;
			shellScript = "/opt/MonkeyDev/bin/md --xcbp\ninstall_name_tool -change /Library/Frameworks/CydiaSubstrate.framework/CydiaSubstrate @executable_path/Frameworks/CydiaSubstrate.framework/CydiaSubstrate ${BUILT_PRODUCTS_DIR}/Plugin_F.framework/Plugin_F\n #install_name_tool -change @executable_path/ch.dylib @executable_path/Frameworks/ch.framework/ch ${BUILT_PRODUCTS_DIR}/Plugin_F.framework/Plugin_F\n";
		};
		18D80EAF2767602D00B8A285 /* Run Script */ = {
			isa = PBXShellScriptBuildPhase;
			buildActionMask = 2147483647;
			files = (
			);
			inputFileListPaths = (
			);
			inputPaths = (
			);
			name = "Run Script";
			outputFileListPaths = (
			);
			outputPaths = (
			);
			runOnlyForDeploymentPostprocessing = 0;
			shellPath = /bin/sh;
			shellScript = "/opt/MonkeyDev/bin/md --xcbp-logos\n";
		};
/* End PBXShellScriptBuildPhase section */

/* Begin PBXSourcesBuildPhase section */
		181D5864274F9E9C00B6C12D /* Sources */ = {
			isa = PBXSourcesBuildPhase;
			buildActionMask = 2147483647;
			files = (
				1847DAC52750E58600110407 /* RSA.m in Sources */,
				188ECE6C27539288007C024E /* AntiAntiDebug.m in Sources */,
				182DD3362753860E001D7A7B /* fishhook.c in Sources */,
				1847DAE92750E9C000110407 /* SCLButton.m in Sources */,
				1847DAEB2750E9C000110407 /* UIImage+ImageEffects.m in Sources */,
				1847DABE2750E58600110407 /* AESCrypt.m in Sources */,
				1847DABD2750E58600110407 /* NSString+Base64.m in Sources */,
				1847DAEE2750E9C000110407 /* SCLAlertView.m in Sources */,
				1847DAC32750E58600110407 /* NSData+CommonCrypto.m in Sources */,
				18A8459C27521670000F0A16 /* LRKeychain.m in Sources */,
				181D587A274F9E9C00B6C12D /* plugin.mm in Sources */,
				1847DAE72750E9C000110407 /* SCLSwitchView.m in Sources */,
				1847DAE12750E9C000110407 /* SCLAlertViewStyleKit.m in Sources */,
				1847DADF2750E9C000110407 /* SCLTimerDisplay.m in Sources */,
				1847DAE52750E9C000110407 /* SCLAlertViewResponder.m in Sources */,
				1847DB102750ECA000110407 /* ZJHURLProtocol.mm in Sources */,
				1847DAA7274FD28300110407 /* XVC.m in Sources */,
				1847DAE62750E9C000110407 /* SCLTextView.m in Sources */,
				1847DAC42750E58600110407 /* NSData+Base64.m in Sources */,
				1847DB122750ECA000110407 /* ZJHSessionConfiguration.m in Sources */,
			);
			runOnlyForDeploymentPostprocessing = 0;
		};
		18D80E7B27675BAA00B8A285 /* Sources */ = {
			isa = PBXSourcesBuildPhase;
			buildActionMask = 2147483647;
			files = (
				18D80E9D27675C3D00B8A285 /* ZJHURLProtocol.mm in Sources */,
				18D80E9E27675C3D00B8A285 /* SCLTimerDisplay.m in Sources */,
				18D80E9F27675C3D00B8A285 /* SCLAlertViewStyleKit.m in Sources */,
				18D80EA027675C3D00B8A285 /* SCLAlertViewResponder.m in Sources */,
				18D80EA127675C3D00B8A285 /* SCLTextView.m in Sources */,
				18D80EA227675C3D00B8A285 /* SCLSwitchView.m in Sources */,
				18D80EA327675C3D00B8A285 /* SCLButton.m in Sources */,
				18D80EA427675C3D00B8A285 /* UIImage+ImageEffects.m in Sources */,
				18D80EA527675C3D00B8A285 /* SCLAlertView.m in Sources */,
				18D80EA627675C3D00B8A285 /* NSString+Base64.m in Sources */,
				18D80EA727675C3D00B8A285 /* AESCrypt.m in Sources */,
				18D80EA827675C3D00B8A285 /* NSData+CommonCrypto.m in Sources */,
				18D80EA927675C3D00B8A285 /* NSData+Base64.m in Sources */,
				18D80EAA27675C3D00B8A285 /* RSA.m in Sources */,
				18D80EAB27675C3D00B8A285 /* XVC.m in Sources */,
				18D80EAC27675C3D00B8A285 /* AntiAntiDebug.m in Sources */,
				18D80EAD27675C3D00B8A285 /* plugin.mm in Sources */,
				18D80E9A27675C2300B8A285 /* fishhook.c in Sources */,
				18D80E9B27675C2300B8A285 /* LRKeychain.m in Sources */,
				18D80E9C27675C2300B8A285 /* ZJHSessionConfiguration.m in Sources */,
			);
			runOnlyForDeploymentPostprocessing = 0;
		};
/* End PBXSourcesBuildPhase section */

/* Begin XCBuildConfiguration section */
		181D587F274F9E9C00B6C12D /* Release */ = {
			isa = XCBuildConfiguration;
			buildSettings = {
				ASSETCATALOG_COMPILER_GENERATE_SWIFT_ASSET_SYMBOL_EXTENSIONS = YES;
				CLANG_WARN_BLOCK_CAPTURE_AUTORELEASING = YES;
				CLANG_WARN_BOOL_CONVERSION = YES;
				CLANG_WARN_COMMA = YES;
				CLANG_WARN_CONSTANT_CONVERSION = YES;
				CLANG_WARN_DEPRECATED_OBJC_IMPLEMENTATIONS = YES;
				CLANG_WARN_EMPTY_BODY = YES;
				CLANG_WARN_ENUM_CONVERSION = YES;
				CLANG_WARN_INFINITE_RECURSION = YES;
				CLANG_WARN_INT_CONVERSION = YES;
				CLANG_WARN_NON_LITERAL_NULL_CONVERSION = YES;
				CLANG_WARN_OBJC_IMPLICIT_RETAIN_SELF = YES;
				CLANG_WARN_OBJC_LITERAL_CONVERSION = YES;
				CLANG_WARN_QUOTED_INCLUDE_IN_FRAMEWORK_HEADER = YES;
				CLANG_WARN_RANGE_LOOP_ANALYSIS = YES;
				CLANG_WARN_STRICT_PROTOTYPES = YES;
				CLANG_WARN_SUSPICIOUS_MOVE = YES;
				CLANG_WARN_UNREACHABLE_CODE = YES;
				CLANG_WARN__DUPLICATE_METHOD_MATCH = YES;
				COPY_PHASE_STRIP = YES;
				ENABLE_STRICT_OBJC_MSGSEND = YES;
				ENABLE_USER_SCRIPT_SANDBOXING = YES;
				EXCLUDED_RECURSIVE_SEARCH_PATH_SUBDIRECTORIES = "*.nib *.lproj *.gch (*) .DS_Store CVS .svn .git .hg *.xcodeproj *.xcode *.pbproj *.pbxproj";
				FRAMEWORK_SEARCH_PATHS = (
					"$(MonkeyDevPath)/frameworks/**",
					"$(MonkeyDevTheosPath)/vendor/lib",
				);
				GCC_C_LANGUAGE_STANDARD = gnu99;
				GCC_NO_COMMON_BLOCKS = YES;
				GCC_WARN_64_TO_32_BIT_CONVERSION = YES;
				GCC_WARN_ABOUT_MISSING_PROTOTYPES = YES;
				GCC_WARN_ABOUT_RETURN_TYPE = YES;
				GCC_WARN_UNDECLARED_SELECTOR = YES;
				GCC_WARN_UNINITIALIZED_AUTOS = YES;
				GCC_WARN_UNUSED_FUNCTION = YES;
				GCC_WARN_UNUSED_VARIABLE = YES;
				HEADER_SEARCH_PATHS = "$(MonkeyDevTheosPath)/vendor/include/**";
				IPHONEOS_DEPLOYMENT_TARGET = 12.0;
				LIBRARY_SEARCH_PATHS = "$(MonkeyDevTheosPath)/vendor/lib/**";
				MonkeyDevPath = /opt/MonkeyDev;
				MonkeyDevTheosPath = /opt/theos;
				OTHER_CFLAGS = "-DTHEOS_INSTANCE_NAME=\"\\\"plugin\\\"\"";
				SDKROOT = iphoneos;
				TARGETED_DEVICE_FAMILY = "1,2";
				VALIDATE_PRODUCT = YES;
			};
			name = Release;
		};
		181D5880274F9E9C00B6C12D /* Debug */ = {
			isa = XCBuildConfiguration;
			buildSettings = {
				ASSETCATALOG_COMPILER_GENERATE_SWIFT_ASSET_SYMBOL_EXTENSIONS = YES;
				CLANG_WARN_BLOCK_CAPTURE_AUTORELEASING = YES;
				CLANG_WARN_BOOL_CONVERSION = YES;
				CLANG_WARN_COMMA = YES;
				CLANG_WARN_CONSTANT_CONVERSION = YES;
				CLANG_WARN_DEPRECATED_OBJC_IMPLEMENTATIONS = YES;
				CLANG_WARN_EMPTY_BODY = YES;
				CLANG_WARN_ENUM_CONVERSION = YES;
				CLANG_WARN_INFINITE_RECURSION = YES;
				CLANG_WARN_INT_CONVERSION = YES;
				CLANG_WARN_NON_LITERAL_NULL_CONVERSION = YES;
				CLANG_WARN_OBJC_IMPLICIT_RETAIN_SELF = YES;
				CLANG_WARN_OBJC_LITERAL_CONVERSION = YES;
				CLANG_WARN_QUOTED_INCLUDE_IN_FRAMEWORK_HEADER = YES;
				CLANG_WARN_RANGE_LOOP_ANALYSIS = YES;
				CLANG_WARN_STRICT_PROTOTYPES = YES;
				CLANG_WARN_SUSPICIOUS_MOVE = YES;
				CLANG_WARN_UNREACHABLE_CODE = YES;
				CLANG_WARN__DUPLICATE_METHOD_MATCH = YES;
				COPY_PHASE_STRIP = NO;
				ENABLE_STRICT_OBJC_MSGSEND = YES;
				ENABLE_TESTABILITY = YES;
				ENABLE_USER_SCRIPT_SANDBOXING = YES;
				EXCLUDED_RECURSIVE_SEARCH_PATH_SUBDIRECTORIES = "*.nib *.lproj *.gch (*) .DS_Store CVS .svn .git .hg *.xcodeproj *.xcode *.pbproj *.pbxproj";
				FRAMEWORK_SEARCH_PATHS = (
					"$(MonkeyDevPath)/frameworks/**",
					"$(MonkeyDevTheosPath)/vendor/lib",
				);
				GCC_C_LANGUAGE_STANDARD = gnu99;
				GCC_DYNAMIC_NO_PIC = NO;
				GCC_NO_COMMON_BLOCKS = YES;
				GCC_OPTIMIZATION_LEVEL = 0;
				GCC_PREPROCESSOR_DEFINITIONS = (
					"DEBUG=1",
					"$(inherited)",
				);
				GCC_SYMBOLS_PRIVATE_EXTERN = NO;
				GCC_WARN_64_TO_32_BIT_CONVERSION = YES;
				GCC_WARN_ABOUT_MISSING_PROTOTYPES = YES;
				GCC_WARN_ABOUT_RETURN_TYPE = YES;
				GCC_WARN_UNDECLARED_SELECTOR = YES;
				GCC_WARN_UNINITIALIZED_AUTOS = YES;
				GCC_WARN_UNUSED_FUNCTION = YES;
				GCC_WARN_UNUSED_VARIABLE = YES;
				HEADER_SEARCH_PATHS = "$(MonkeyDevTheosPath)/vendor/include/**";
				IPHONEOS_DEPLOYMENT_TARGET = 12.0;
				LIBRARY_SEARCH_PATHS = "$(MonkeyDevTheosPath)/vendor/lib/**";
				MonkeyDevPath = /opt/MonkeyDev;
				MonkeyDevTheosPath = /opt/theos;
				ONLY_ACTIVE_ARCH = YES;
				OTHER_CFLAGS = "-DTHEOS_INSTANCE_NAME=\"\\\"plugin\\\"\"";
				SDKROOT = iphoneos;
				TARGETED_DEVICE_FAMILY = "1,2";
				VALIDATE_PRODUCT = NO;
			};
			name = Debug;
		};
		181D5882274F9E9C00B6C12D /* Release */ = {
			isa = XCBuildConfiguration;
			buildSettings = {
				CLANG_ENABLE_OBJC_ARC = YES;
				CODE_SIGN_IDENTITY = "iPhone Developer";
				CODE_SIGN_STYLE = Automatic;
				COMPILER_INDEX_STORE_ENABLE = NO;
				DEVELOPMENT_TEAM = 2RPH6QV3MC;
				DYLIB_COMPATIBILITY_VERSION = 1;
				DYLIB_CURRENT_VERSION = 1;
				ENABLE_BITCODE = NO;
				EXCLUDED_ARCHS = "";
				FRAMEWORK_SEARCH_PATHS = (
					"$(inherited)",
					"$(PROJECT_DIR)",
				);
				GCC_OPTIMIZATION_LEVEL = 0;
				GCC_PRECOMPILE_PREFIX_HEADER = YES;
				GCC_PREFIX_HEADER = "plugin/plugin-Prefix.pch";
				INSTALL_PATH = "@executable_path/";
				LD_DYLIB_INSTALL_NAME = "$(DYLIB_INSTALL_NAME_BASE:standardizepath)/plugin.dylib";
				LIBRARY_SEARCH_PATHS = (
					"$(inherited)",
					"$(PROJECT_DIR)/plugin/dylibs",
				);
				MonkeyDevBuildPackageOnAnyBuild = NO;
				MonkeyDevClearUiCacheOnInstall = NO;
				MonkeyDevCopyOnBuild = NO;
				MonkeyDevDeviceIP = "";
				MonkeyDevDevicePassword = "";
				MonkeyDevDevicePort = "";
				MonkeyDevInstallOnAnyBuild = YES;
				MonkeyDevInstallOnProfiling = YES;
				MonkeyDevkillProcessOnInstall = SpringBoard;
				OTHER_CFLAGS = (
					"-DTHEOS_INSTANCE_NAME=\"\\\"plugin\\\"\"",
					"-mllvm",
					"-enable-cffobf",
					"-mllvm",
					"-enable-splitobf",
					"-mllvm",
					"-enable-subobf",
					"-mllvm",
					"-enable-strcry",
					"-mllvm",
					"-enable-indibran",
				);
				PRODUCT_NAME = "$(TARGET_NAME)";
				SUPPORTS_MACCATALYST = NO;
				TARGETED_DEVICE_FAMILY = "1,2";
			};
			name = Release;
		};
		181D5883274F9E9C00B6C12D /* Debug */ = {
			isa = XCBuildConfiguration;
			buildSettings = {
				CLANG_ENABLE_OBJC_ARC = YES;
				CODE_SIGN_IDENTITY = "iPhone Developer";
				CODE_SIGN_STYLE = Automatic;
				COMPILER_INDEX_STORE_ENABLE = NO;
				DEVELOPMENT_TEAM = 2RPH6QV3MC;
				DYLIB_COMPATIBILITY_VERSION = 1;
				DYLIB_CURRENT_VERSION = 1;
				ENABLE_BITCODE = NO;
				EXCLUDED_ARCHS = "";
				FRAMEWORK_SEARCH_PATHS = (
					"$(inherited)",
					"$(PROJECT_DIR)",
				);
				GCC_OPTIMIZATION_LEVEL = 0;
				GCC_PRECOMPILE_PREFIX_HEADER = YES;
				GCC_PREFIX_HEADER = "plugin/plugin-Prefix.pch";
				INSTALL_PATH = "@executable_path/";
				LD_DYLIB_INSTALL_NAME = "$(DYLIB_INSTALL_NAME_BASE:standardizepath)/plugin.dylib";
				LIBRARY_SEARCH_PATHS = (
					"$(inherited)",
					"$(PROJECT_DIR)/plugin/dylibs",
				);
				MonkeyDevBuildPackageOnAnyBuild = NO;
				MonkeyDevClearUiCacheOnInstall = NO;
				MonkeyDevCopyOnBuild = NO;
				MonkeyDevDeviceIP = "";
				MonkeyDevDevicePassword = "";
				MonkeyDevDevicePort = "";
				MonkeyDevInstallOnAnyBuild = YES;
				MonkeyDevInstallOnProfiling = YES;
				MonkeyDevkillProcessOnInstall = SpringBoard;
				OTHER_CFLAGS = (
					"-DTHEOS_INSTANCE_NAME=\"\\\"plugin\\\"\"",
					"-mllvm",
					"-enable-cffobf",
					"-mllvm",
					"-enable-splitobf",
					"-mllvm",
					"-enable-subobf",
					"-mllvm",
					"-enable-strcry",
					"-mllvm",
					"-enable-indibran",
				);
				PRODUCT_NAME = "$(TARGET_NAME)";
				SUPPORTS_MACCATALYST = NO;
				TARGETED_DEVICE_FAMILY = "1,2";
			};
			name = Debug;
		};
		18D80E8427675BAA00B8A285 /* Release */ = {
			isa = XCBuildConfiguration;
			buildSettings = {
				ALWAYS_SEARCH_USER_PATHS = NO;
				CLANG_ALLOW_NON_MODULAR_INCLUDES_IN_FRAMEWORK_MODULES = NO;
				CLANG_ANALYZER_NONNULL = YES;
				CLANG_ANALYZER_NUMBER_OBJECT_CONVERSION = YES_AGGRESSIVE;
				CLANG_CXX_LANGUAGE_STANDARD = "gnu++17";
				CLANG_CXX_LIBRARY = "libc++";
				CLANG_ENABLE_MODULES = YES;
				CLANG_ENABLE_OBJC_ARC = YES;
				CLANG_ENABLE_OBJC_WEAK = YES;
				CLANG_WARN_BLOCK_CAPTURE_AUTORELEASING = YES;
				CLANG_WARN_BOOL_CONVERSION = YES;
				CLANG_WARN_COMMA = YES;
				CLANG_WARN_CONSTANT_CONVERSION = YES;
				CLANG_WARN_DEPRECATED_OBJC_IMPLEMENTATIONS = YES;
				CLANG_WARN_DIRECT_OBJC_ISA_USAGE = YES_ERROR;
				CLANG_WARN_DOCUMENTATION_COMMENTS = YES;
				CLANG_WARN_EMPTY_BODY = YES;
				CLANG_WARN_ENUM_CONVERSION = YES;
				CLANG_WARN_INFINITE_RECURSION = YES;
				CLANG_WARN_INT_CONVERSION = YES;
				CLANG_WARN_NON_LITERAL_NULL_CONVERSION = YES;
				CLANG_WARN_OBJC_IMPLICIT_RETAIN_SELF = YES;
				CLANG_WARN_OBJC_LITERAL_CONVERSION = YES;
				CLANG_WARN_OBJC_ROOT_CLASS = YES_ERROR;
				CLANG_WARN_QUOTED_INCLUDE_IN_FRAMEWORK_HEADER = YES;
				CLANG_WARN_RANGE_LOOP_ANALYSIS = YES;
				CLANG_WARN_STRICT_PROTOTYPES = YES;
				CLANG_WARN_SUSPICIOUS_MOVE = YES;
				CLANG_WARN_UNGUARDED_AVAILABILITY = YES_AGGRESSIVE;
				CLANG_WARN_UNREACHABLE_CODE = YES;
				CLANG_WARN__DUPLICATE_METHOD_MATCH = YES;
				CODE_SIGN_IDENTITY = "";
				CODE_SIGN_STYLE = Automatic;
				COMPILER_INDEX_STORE_ENABLE = NO;
				COPY_PHASE_STRIP = NO;
				CURRENT_PROJECT_VERSION = 1;
				DEBUG_INFORMATION_FORMAT = "dwarf-with-dsym";
				DEFINES_MODULE = YES;
				DEVELOPMENT_TEAM = C55A93NYTC;
				DYLIB_COMPATIBILITY_VERSION = 1;
				DYLIB_CURRENT_VERSION = 1;
				DYLIB_INSTALL_NAME_BASE = "@rpath";
				ENABLE_BITCODE = NO;
				ENABLE_MODULE_VERIFIER = YES;
				ENABLE_NS_ASSERTIONS = NO;
				ENABLE_STRICT_OBJC_MSGSEND = YES;
				FRAMEWORK_SEARCH_PATHS = (
					"$(inherited)",
					"$(PROJECT_DIR)",
				);
				GCC_C_LANGUAGE_STANDARD = gnu11;
				GCC_INCREASE_PRECOMPILED_HEADER_SHARING = NO;
				GCC_NO_COMMON_BLOCKS = YES;
				GCC_OPTIMIZATION_LEVEL = 0;
				GCC_PRECOMPILE_PREFIX_HEADER = YES;
				GCC_PREFIX_HEADER = "plugin/plugin-Prefix.pch";
				GCC_WARN_64_TO_32_BIT_CONVERSION = YES;
				GCC_WARN_ABOUT_RETURN_TYPE = YES_ERROR;
				GCC_WARN_UNDECLARED_SELECTOR = YES;
				GCC_WARN_UNINITIALIZED_AUTOS = YES_AGGRESSIVE;
				GCC_WARN_UNUSED_FUNCTION = YES;
				GENERATE_INFOPLIST_FILE = YES;
				INFOPLIST_KEY_NSHumanReadableCopyright = "";
				INSTALL_PATH = "$(LOCAL_LIBRARY_DIR)/Frameworks";
				IPHONEOS_DEPLOYMENT_TARGET = 12.0;
				LD_RUNPATH_SEARCH_PATHS = (
					"$(inherited)",
					"@executable_path/Frameworks",
					"@loader_path/Frameworks",
				);
				LIBRARY_SEARCH_PATHS = (
					"$(inherited)",
					"$(PROJECT_DIR)",
				);
				MARKETING_VERSION = 1.0;
				MODULE_VERIFIER_SUPPORTED_LANGUAGES = "objective-c objective-c++";
				MODULE_VERIFIER_SUPPORTED_LANGUAGE_STANDARDS = "gnu11 gnu++17";
				MTL_ENABLE_DEBUG_INFO = NO;
				MTL_FAST_MATH = YES;
				OTHER_CFLAGS = "-DTHEOS_INSTANCE_NAME=\"\\\"plugin\\\"\"";
				PRECOMPS_INCLUDE_HEADERS_FROM_BUILT_PRODUCTS_DIR = YES;
				PRODUCT_BUNDLE_IDENTIFIER = "com.ykb.Plugin-F";
				PRODUCT_NAME = "$(TARGET_NAME:c99extidentifier)";
				SKIP_INSTALL = YES;
				SUPPORTS_MACCATALYST = NO;
				SWIFT_EMIT_LOC_STRINGS = YES;
				TARGETED_DEVICE_FAMILY = "1,2";
				VERSIONING_SYSTEM = "apple-generic";
				VERSION_INFO_PREFIX = "";
			};
			name = Release;
		};
		18D80E8527675BAA00B8A285 /* Debug */ = {
			isa = XCBuildConfiguration;
			buildSettings = {
				ALWAYS_SEARCH_USER_PATHS = NO;
				CLANG_ALLOW_NON_MODULAR_INCLUDES_IN_FRAMEWORK_MODULES = NO;
				CLANG_ANALYZER_NONNULL = YES;
				CLANG_ANALYZER_NUMBER_OBJECT_CONVERSION = YES_AGGRESSIVE;
				CLANG_CXX_LANGUAGE_STANDARD = "gnu++17";
				CLANG_CXX_LIBRARY = "libc++";
				CLANG_ENABLE_MODULES = YES;
				CLANG_ENABLE_OBJC_ARC = YES;
				CLANG_ENABLE_OBJC_WEAK = YES;
				CLANG_WARN_BLOCK_CAPTURE_AUTORELEASING = YES;
				CLANG_WARN_BOOL_CONVERSION = YES;
				CLANG_WARN_COMMA = YES;
				CLANG_WARN_CONSTANT_CONVERSION = YES;
				CLANG_WARN_DEPRECATED_OBJC_IMPLEMENTATIONS = YES;
				CLANG_WARN_DIRECT_OBJC_ISA_USAGE = YES_ERROR;
				CLANG_WARN_DOCUMENTATION_COMMENTS = YES;
				CLANG_WARN_EMPTY_BODY = YES;
				CLANG_WARN_ENUM_CONVERSION = YES;
				CLANG_WARN_INFINITE_RECURSION = YES;
				CLANG_WARN_INT_CONVERSION = YES;
				CLANG_WARN_NON_LITERAL_NULL_CONVERSION = YES;
				CLANG_WARN_OBJC_IMPLICIT_RETAIN_SELF = YES;
				CLANG_WARN_OBJC_LITERAL_CONVERSION = YES;
				CLANG_WARN_OBJC_ROOT_CLASS = YES_ERROR;
				CLANG_WARN_QUOTED_INCLUDE_IN_FRAMEWORK_HEADER = YES;
				CLANG_WARN_RANGE_LOOP_ANALYSIS = YES;
				CLANG_WARN_STRICT_PROTOTYPES = YES;
				CLANG_WARN_SUSPICIOUS_MOVE = YES;
				CLANG_WARN_UNGUARDED_AVAILABILITY = YES_AGGRESSIVE;
				CLANG_WARN_UNREACHABLE_CODE = YES;
				CLANG_WARN__DUPLICATE_METHOD_MATCH = YES;
				CODE_SIGN_IDENTITY = "";
				CODE_SIGN_STYLE = Automatic;
				COMPILER_INDEX_STORE_ENABLE = NO;
				CURRENT_PROJECT_VERSION = 1;
				DEBUG_INFORMATION_FORMAT = dwarf;
				DEFINES_MODULE = YES;
				DEVELOPMENT_TEAM = C55A93NYTC;
				DYLIB_COMPATIBILITY_VERSION = 1;
				DYLIB_CURRENT_VERSION = 1;
				DYLIB_INSTALL_NAME_BASE = "@rpath";
				ENABLE_BITCODE = NO;
				ENABLE_MODULE_VERIFIER = YES;
				ENABLE_STRICT_OBJC_MSGSEND = YES;
				ENABLE_TESTABILITY = YES;
				FRAMEWORK_SEARCH_PATHS = (
					"$(inherited)",
					"$(PROJECT_DIR)",
				);
				GCC_C_LANGUAGE_STANDARD = gnu11;
				GCC_INCREASE_PRECOMPILED_HEADER_SHARING = NO;
				GCC_NO_COMMON_BLOCKS = YES;
				GCC_OPTIMIZATION_LEVEL = 0;
				GCC_PRECOMPILE_PREFIX_HEADER = YES;
				GCC_PREFIX_HEADER = "plugin/plugin-Prefix.pch";
				GCC_WARN_64_TO_32_BIT_CONVERSION = YES;
				GCC_WARN_ABOUT_RETURN_TYPE = YES_ERROR;
				GCC_WARN_UNDECLARED_SELECTOR = YES;
				GCC_WARN_UNINITIALIZED_AUTOS = YES_AGGRESSIVE;
				GCC_WARN_UNUSED_FUNCTION = YES;
				GENERATE_INFOPLIST_FILE = YES;
				INFOPLIST_KEY_NSHumanReadableCopyright = "";
				INSTALL_PATH = "$(LOCAL_LIBRARY_DIR)/Frameworks";
				IPHONEOS_DEPLOYMENT_TARGET = 12.0;
				LD_RUNPATH_SEARCH_PATHS = (
					"$(inherited)",
					"@executable_path/Frameworks",
					"@loader_path/Frameworks",
				);
				LIBRARY_SEARCH_PATHS = (
					"$(inherited)",
					"$(PROJECT_DIR)",
				);
				MARKETING_VERSION = 1.0;
				MODULE_VERIFIER_SUPPORTED_LANGUAGES = "objective-c objective-c++";
				MODULE_VERIFIER_SUPPORTED_LANGUAGE_STANDARDS = "gnu11 gnu++17";
				MTL_ENABLE_DEBUG_INFO = INCLUDE_SOURCE;
				MTL_FAST_MATH = YES;
				OTHER_CFLAGS = "-DTHEOS_INSTANCE_NAME=\"\\\"plugin\\\"\"";
				PRECOMPS_INCLUDE_HEADERS_FROM_BUILT_PRODUCTS_DIR = YES;
				PRODUCT_BUNDLE_IDENTIFIER = "com.ykb.Plugin-F";
				PRODUCT_NAME = "$(TARGET_NAME:c99extidentifier)";
				SKIP_INSTALL = YES;
				SUPPORTS_MACCATALYST = NO;
				SWIFT_EMIT_LOC_STRINGS = YES;
				TARGETED_DEVICE_FAMILY = "1,2";
				VERSIONING_SYSTEM = "apple-generic";
				VERSION_INFO_PREFIX = "";
			};
			name = Debug;
		};
/* End XCBuildConfiguration section */

/* Begin XCConfigurationList section */
		181D5862274F9E9C00B6C12D /* Build configuration list for PBXProject "YLBLOCK" */ = {
			isa = XCConfigurationList;
			buildConfigurations = (
				181D587F274F9E9C00B6C12D /* Release */,
				181D5880274F9E9C00B6C12D /* Debug */,
			);
			defaultConfigurationIsVisible = 0;
			defaultConfigurationName = Release;
		};
		181D5881274F9E9C00B6C12D /* Build configuration list for PBXNativeTarget "plugin" */ = {
			isa = XCConfigurationList;
			buildConfigurations = (
				181D5882274F9E9C00B6C12D /* Release */,
				181D5883274F9E9C00B6C12D /* Debug */,
			);
			defaultConfigurationIsVisible = 0;
			defaultConfigurationName = Release;
		};
		18D80E8327675BAA00B8A285 /* Build configuration list for PBXNativeTarget "Plugin_F" */ = {
			isa = XCConfigurationList;
			buildConfigurations = (
				18D80E8427675BAA00B8A285 /* Release */,
				18D80E8527675BAA00B8A285 /* Debug */,
			);
			defaultConfigurationIsVisible = 0;
			defaultConfigurationName = Release;
		};
/* End XCConfigurationList section */
	};
	rootObject = 181D585F274F9E9C00B6C12D /* Project object */;
}
